
Microsoft Visual Studio Solution File, Format Version 12.00
# Visual Studio 15
VisualStudioVersion = 15.0.28307.757
MinimumVisualStudioVersion = 10.0.40219.1
Project("{9A19103F-16F7-4668-BE54-9A1E7A4F7556}") = "TaskManagerDMD", "TaskManagerDMD\TaskManagerDMD.csproj", "{69C3AD3D-C0BB-4299-9518-C3E55681F711}"
EndProject
Project("{9A19103F-16F7-4668-BE54-9A1E7A4F7556}") = "MobileStore", "MobileStore\MobileStore.csproj", "{177A6496-A37E-4356-955E-05E85881CC2D}"
EndProject
Global
	GlobalSection(SolutionConfigurationPlatforms) = preSolution
		Debug|Any CPU = Debug|Any CPU
		Release|Any CPU = Release|Any CPU
	EndGlobalSection
	GlobalSection(ProjectConfigurationPlatforms) = postSolution
		{69C3AD3D-C0BB-4299-9518-C3E55681F711}.Debug|Any CPU.ActiveCfg = Debug|Any CPU
		{69C3AD3D-C0BB-4299-9518-C3E55681F711}.Debug|Any CPU.Build.0 = Debug|Any CPU
		{69C3AD3D-C0BB-4299-9518-C3E55681F711}.Release|Any CPU.ActiveCfg = Release|Any CPU
		{69C3AD3D-C0BB-4299-9518-C3E55681F711}.Release|Any CPU.Build.0 = Release|Any CPU
		{177A6496-A37E-4356-955E-05E85881CC2D}.Debug|Any CPU.ActiveCfg = Debug|Any CPU
		{177A6496-A37E-4356-955E-05E85881CC2D}.Debug|Any CPU.Build.0 = Debug|Any CPU
		{177A6496-A37E-4356-955E-05E85881CC2D}.Release|Any CPU.ActiveCfg = Release|Any CPU
		{177A6496-A37E-4356-955E-05E85881CC2D}.Release|Any CPU.Build.0 = Release|Any CPU
	EndGlobalSection
	GlobalSection(SolutionProperties) = preSolution
		HideSolutionNode = FALSE
	EndGlobalSection
	GlobalSection(ExtensibilityGlobals) = postSolution
		SolutionGuid = {4F053566-F7F2-4340-BCB0-B564BF6382A1}
	EndGlobalSection
EndGlobal
